
Microsoft Visual Studio Solution File, Format Version 12.00
# Visual Studio 15
VisualStudioVersion = 15.0.28307.421
MinimumVisualStudioVersion = 10.0.40219.1
Project("{FAE04EC0-301F-11D3-BF4B-00C04F79EFBC}") = "soma", "soma\soma.csproj", "{749DB61F-FBE5-41DD-885E-A18BC31E3D8A}"
EndProject
Global
	GlobalSection(SolutionConfigurationPlatforms) = preSolution
		Debug|Any CPU = Debug|Any CPU
		Release|Any CPU = Release|Any CPU
	EndGlobalSection
	GlobalSection(ProjectConfigurationPlatforms) = postSolution
		{749DB61F-FBE5-41DD-885E-A18BC31E3D8A}.Debug|Any CPU.ActiveCfg = Debug|Any CPU
		{749DB61F-FBE5-41DD-885E-A18BC31E3D8A}.Debug|Any CPU.Build.0 = Debug|Any CPU
		{749DB61F-FBE5-41DD-885E-A18BC31E3D8A}.Release|Any CPU.ActiveCfg = Release|Any CPU
		{749DB61F-FBE5-41DD-885E-A18BC31E3D8A}.Release|Any CPU.Build.0 = Release|Any CPU
	EndGlobalSection
	GlobalSection(SolutionProperties) = preSolution
		HideSolutionNode = FALSE
	EndGlobalSection
	GlobalSection(ExtensibilityGlobals) = postSolution
		SolutionGuid = {F7FD4726-D537-4CC4-8432-1F0A2A93404A}
	EndGlobalSection
EndGlobal
