
Microsoft Visual Studio Solution File, Format Version 12.00
# Visual Studio 15
VisualStudioVersion = 15.0.28307.421
MinimumVisualStudioVersion = 10.0.40219.1
Project("{FAE04EC0-301F-11D3-BF4B-00C04F79EFBC}") = "reajuste_salário", "reajuste_salário\reajuste_salário.csproj", "{FC0143FC-E7D0-413C-9553-E686A8206F88}"
EndProject
Global
	GlobalSection(SolutionConfigurationPlatforms) = preSolution
		Debug|Any CPU = Debug|Any CPU
		Release|Any CPU = Release|Any CPU
	EndGlobalSection
	GlobalSection(ProjectConfigurationPlatforms) = postSolution
		{FC0143FC-E7D0-413C-9553-E686A8206F88}.Debug|Any CPU.ActiveCfg = Debug|Any CPU
		{FC0143FC-E7D0-413C-9553-E686A8206F88}.Debug|Any CPU.Build.0 = Debug|Any CPU
		{FC0143FC-E7D0-413C-9553-E686A8206F88}.Release|Any CPU.ActiveCfg = Release|Any CPU
		{FC0143FC-E7D0-413C-9553-E686A8206F88}.Release|Any CPU.Build.0 = Release|Any CPU
	EndGlobalSection
	GlobalSection(SolutionProperties) = preSolution
		HideSolutionNode = FALSE
	EndGlobalSection
	GlobalSection(ExtensibilityGlobals) = postSolution
		SolutionGuid = {F9D2B13C-1239-4F1E-81BE-85C855CDA671}
	EndGlobalSection
EndGlobal
